
Microsoft Visual Studio Solution File, Format Version 12.00
# Visual Studio Version 17
VisualStudioVersion = 17.9.34714.143
MinimumVisualStudioVersion = 10.0.40219.1
Project("{9A19103F-16F7-4668-BE54-9A1E7A4F7556}") = "API_Estudos", "API_Estudos\API_Estudos.csproj", "{ECAE20BF-3505-4202-B64B-C27783A6B85F}"
EndProject
Project("{FAE04EC0-301F-11D3-BF4B-00C04F79EFBC}") = "Teste", "Teste\Teste.csproj", "{84DBF124-3ECB-4615-B128-D7C01D67F82B}"
EndProject
Global
	GlobalSection(SolutionConfigurationPlatforms) = preSolution
		Debug|Any CPU = Debug|Any CPU
		Release|Any CPU = Release|Any CPU
	EndGlobalSection
	GlobalSection(ProjectConfigurationPlatforms) = postSolution
		{ECAE20BF-3505-4202-B64B-C27783A6B85F}.Debug|Any CPU.ActiveCfg = Debug|Any CPU
		{ECAE20BF-3505-4202-B64B-C27783A6B85F}.Debug|Any CPU.Build.0 = Debug|Any CPU
		{ECAE20BF-3505-4202-B64B-C27783A6B85F}.Release|Any CPU.ActiveCfg = Release|Any CPU
		{ECAE20BF-3505-4202-B64B-C27783A6B85F}.Release|Any CPU.Build.0 = Release|Any CPU
		{84DBF124-3ECB-4615-B128-D7C01D67F82B}.Debug|Any CPU.ActiveCfg = Debug|Any CPU
		{84DBF124-3ECB-4615-B128-D7C01D67F82B}.Debug|Any CPU.Build.0 = Debug|Any CPU
		{84DBF124-3ECB-4615-B128-D7C01D67F82B}.Release|Any CPU.ActiveCfg = Release|Any CPU
		{84DBF124-3ECB-4615-B128-D7C01D67F82B}.Release|Any CPU.Build.0 = Release|Any CPU
	EndGlobalSection
	GlobalSection(SolutionProperties) = preSolution
		HideSolutionNode = FALSE
	EndGlobalSection
	GlobalSection(ExtensibilityGlobals) = postSolution
		SolutionGuid = {944D82B3-6B53-40A9-B85A-CED622477C20}
	EndGlobalSection
EndGlobal
